# THIS IS AN AUTOGENERATED FILE. DO NOT EDIT THIS FILE DIRECTLY.
# yarn lockfile v1


"@nathanvda/cocoon@^1.2.14":
  version "1.2.14"
  resolved "https://registry.yarnpkg.com/@nathanvda/cocoon/-/cocoon-1.2.14.tgz#aaea910e4b9c0d28d5bdcb7f3743617db46b09af"
  integrity sha512-WcEt2vVp50de2i7rkD4O+96O1iMtMIcTBNGPocrHfcmHDujKOngoLHFF8Ektgoh8PjwFAJMxx8WyGv0BtKTjxQ==
  dependencies:
    jquery "^3.3.1"

jquery@^3.3.1:
  version "3.6.1"
  resolved "https://registry.yarnpkg.com/jquery/-/jquery-3.6.1.tgz#fab0408f8b45fc19f956205773b62b292c147a16"
  integrity sha512-opJeO4nCucVnsjiXOE+/PcCgYw9Gwpvs/a6B1LL/lQhwWwpbVEVYDZ1FokFr8PRc7ghYlrFPuyHuiiDNTQxmcw==

vanilla-nested@^1.7.0:
  version "1.7.0"
  resolved "https://registry.yarnpkg.com/vanilla-nested/-/vanilla-nested-1.7.0.tgz#fc1e8193ea8c76dfe3df96903c382b421c959095"
  integrity sha512-wA5Y+IoyzBNiMbvxdD6flN0iPCUi78beB2HzJ91G6iUB7S/WWCAiCgCZoCrlG4pHk4fJPIxyAgTVQHZA17CGSQ==
